
Microsoft Visual Studio Solution File, Format Version 12.00
# Visual Studio Version 16
VisualStudioVersion = 16.0.28721.148
MinimumVisualStudioVersion = 10.0.40219.1
Project("{FAE04EC0-301F-11D3-BF4B-00C04F79EFBC}") = "ModPlus", "ModPlus\ModPlus.csproj", "{3CC014BF-973D-461F-8CED-232FFB3E3D1A}"
EndProject
Project("{9A19103F-16F7-4668-BE54-9A1E7A4F7556}") = "_build", "build\_build.csproj", "{9DB5B546-B71B-45B3-9D47-A97F97DA874C}"
EndProject
Global
	GlobalSection(SolutionConfigurationPlatforms) = preSolution
		A2013|x64 = A2013|x64
		A2014|x64 = A2014|x64
		A2015|x64 = A2015|x64
		A2016|x64 = A2016|x64
		A2017|x64 = A2017|x64
		A2018|x64 = A2018|x64
		A2019|x64 = A2019|x64
		A2020|x64 = A2020|x64
		Debug|x64 = Debug|x64
	EndGlobalSection
	GlobalSection(ProjectConfigurationPlatforms) = postSolution
		{3CC014BF-973D-461F-8CED-232FFB3E3D1A}.A2013|x64.ActiveCfg = A2013|x64
		{3CC014BF-973D-461F-8CED-232FFB3E3D1A}.A2013|x64.Build.0 = A2013|x64
		{3CC014BF-973D-461F-8CED-232FFB3E3D1A}.A2014|x64.ActiveCfg = A2014|x64
		{3CC014BF-973D-461F-8CED-232FFB3E3D1A}.A2014|x64.Build.0 = A2014|x64
		{3CC014BF-973D-461F-8CED-232FFB3E3D1A}.A2015|x64.ActiveCfg = A2015|x64
		{3CC014BF-973D-461F-8CED-232FFB3E3D1A}.A2015|x64.Build.0 = A2015|x64
		{3CC014BF-973D-461F-8CED-232FFB3E3D1A}.A2016|x64.ActiveCfg = A2016|x64
		{3CC014BF-973D-461F-8CED-232FFB3E3D1A}.A2016|x64.Build.0 = A2016|x64
		{3CC014BF-973D-461F-8CED-232FFB3E3D1A}.A2017|x64.ActiveCfg = A2017|x64
		{3CC014BF-973D-461F-8CED-232FFB3E3D1A}.A2017|x64.Build.0 = A2017|x64
		{3CC014BF-973D-461F-8CED-232FFB3E3D1A}.A2018|x64.ActiveCfg = A2018|x64
		{3CC014BF-973D-461F-8CED-232FFB3E3D1A}.A2018|x64.Build.0 = A2018|x64
		{3CC014BF-973D-461F-8CED-232FFB3E3D1A}.A2019|x64.ActiveCfg = A2019|x64
		{3CC014BF-973D-461F-8CED-232FFB3E3D1A}.A2019|x64.Build.0 = A2019|x64
		{3CC014BF-973D-461F-8CED-232FFB3E3D1A}.A2020|x64.ActiveCfg = A2020|x64
		{3CC014BF-973D-461F-8CED-232FFB3E3D1A}.A2020|x64.Build.0 = A2020|x64
		{3CC014BF-973D-461F-8CED-232FFB3E3D1A}.Debug|x64.ActiveCfg = Debug|Any CPU
		{3CC014BF-973D-461F-8CED-232FFB3E3D1A}.Debug|x64.Build.0 = Debug|Any CPU
		{9DB5B546-B71B-45B3-9D47-A97F97DA874C}.A2013|x64.ActiveCfg = Debug|Any CPU
		{9DB5B546-B71B-45B3-9D47-A97F97DA874C}.A2013|x64.Build.0 = Debug|Any CPU
		{9DB5B546-B71B-45B3-9D47-A97F97DA874C}.A2014|x64.ActiveCfg = Debug|Any CPU
		{9DB5B546-B71B-45B3-9D47-A97F97DA874C}.A2014|x64.Build.0 = Debug|Any CPU
		{9DB5B546-B71B-45B3-9D47-A97F97DA874C}.A2015|x64.ActiveCfg = Debug|Any CPU
		{9DB5B546-B71B-45B3-9D47-A97F97DA874C}.A2015|x64.Build.0 = Debug|Any CPU
		{9DB5B546-B71B-45B3-9D47-A97F97DA874C}.A2016|x64.ActiveCfg = Debug|Any CPU
		{9DB5B546-B71B-45B3-9D47-A97F97DA874C}.A2016|x64.Build.0 = Debug|Any CPU
		{9DB5B546-B71B-45B3-9D47-A97F97DA874C}.A2017|x64.ActiveCfg = Debug|Any CPU
		{9DB5B546-B71B-45B3-9D47-A97F97DA874C}.A2017|x64.Build.0 = Debug|Any CPU
		{9DB5B546-B71B-45B3-9D47-A97F97DA874C}.A2018|x64.ActiveCfg = Debug|Any CPU
		{9DB5B546-B71B-45B3-9D47-A97F97DA874C}.A2018|x64.Build.0 = Debug|Any CPU
		{9DB5B546-B71B-45B3-9D47-A97F97DA874C}.A2019|x64.ActiveCfg = Debug|Any CPU
		{9DB5B546-B71B-45B3-9D47-A97F97DA874C}.A2019|x64.Build.0 = Debug|Any CPU
		{9DB5B546-B71B-45B3-9D47-A97F97DA874C}.A2020|x64.ActiveCfg = Debug|Any CPU
		{9DB5B546-B71B-45B3-9D47-A97F97DA874C}.A2020|x64.Build.0 = Debug|Any CPU
		{9DB5B546-B71B-45B3-9D47-A97F97DA874C}.Debug|x64.ActiveCfg = Debug|Any CPU
		{9DB5B546-B71B-45B3-9D47-A97F97DA874C}.Debug|x64.Build.0 = Debug|Any CPU
	EndGlobalSection
	GlobalSection(SolutionProperties) = preSolution
		HideSolutionNode = FALSE
	EndGlobalSection
	GlobalSection(ExtensibilityGlobals) = postSolution
		SolutionGuid = {628A9AC3-83C1-473D-9434-66BCCEF3909C}
	EndGlobalSection
EndGlobal
